
Microsoft Visual Studio Solution File, Format Version 12.00
# Visual Studio Version 16
VisualStudioVersion = 16.0.30907.101
MinimumVisualStudioVersion = 10.0.40219.1
Project("{FAE04EC0-301F-11D3-BF4B-00C04F79EFBC}") = "CRM.BL", "CRM.BL\CRM.BL.csproj", "{F6C423E9-F85D-406F-9D11-2F9B5E3CCCF1}"
EndProject
Project("{FAE04EC0-301F-11D3-BF4B-00C04F79EFBC}") = "CRM.UI", "CRM.UI\CRM.UI.csproj", "{C1B3A60B-3A45-4BB5-884F-1A6DB6E46C52}"
EndProject
Project("{FAE04EC0-301F-11D3-BF4B-00C04F79EFBC}") = "CRM.BLTests", "CRM.BLTests\CRM.BLTests.csproj", "{6E1896CB-62E0-45BC-BC8F-C92B4C39B432}"
EndProject
Global
	GlobalSection(SolutionConfigurationPlatforms) = preSolution
		Debug|Any CPU = Debug|Any CPU
		Release|Any CPU = Release|Any CPU
	EndGlobalSection
	GlobalSection(ProjectConfigurationPlatforms) = postSolution
		{F6C423E9-F85D-406F-9D11-2F9B5E3CCCF1}.Debug|Any CPU.ActiveCfg = Debug|Any CPU
		{F6C423E9-F85D-406F-9D11-2F9B5E3CCCF1}.Debug|Any CPU.Build.0 = Debug|Any CPU
		{F6C423E9-F85D-406F-9D11-2F9B5E3CCCF1}.Release|Any CPU.ActiveCfg = Release|Any CPU
		{F6C423E9-F85D-406F-9D11-2F9B5E3CCCF1}.Release|Any CPU.Build.0 = Release|Any CPU
		{C1B3A60B-3A45-4BB5-884F-1A6DB6E46C52}.Debug|Any CPU.ActiveCfg = Debug|Any CPU
		{C1B3A60B-3A45-4BB5-884F-1A6DB6E46C52}.Debug|Any CPU.Build.0 = Debug|Any CPU
		{C1B3A60B-3A45-4BB5-884F-1A6DB6E46C52}.Release|Any CPU.ActiveCfg = Release|Any CPU
		{C1B3A60B-3A45-4BB5-884F-1A6DB6E46C52}.Release|Any CPU.Build.0 = Release|Any CPU
		{6E1896CB-62E0-45BC-BC8F-C92B4C39B432}.Debug|Any CPU.ActiveCfg = Debug|Any CPU
		{6E1896CB-62E0-45BC-BC8F-C92B4C39B432}.Debug|Any CPU.Build.0 = Debug|Any CPU
		{6E1896CB-62E0-45BC-BC8F-C92B4C39B432}.Release|Any CPU.ActiveCfg = Release|Any CPU
		{6E1896CB-62E0-45BC-BC8F-C92B4C39B432}.Release|Any CPU.Build.0 = Release|Any CPU
	EndGlobalSection
	GlobalSection(SolutionProperties) = preSolution
		HideSolutionNode = FALSE
	EndGlobalSection
	GlobalSection(ExtensibilityGlobals) = postSolution
		SolutionGuid = {3745194C-E141-4CAB-A3AF-A88E03031058}
	EndGlobalSection
EndGlobal
